
Microsoft Visual Studio Solution File, Format Version 12.00
# Visual Studio Version 17
VisualStudioVersion = 17.14.36127.28 d17.14
MinimumVisualStudioVersion = 10.0.40219.1
Project("{FAE04EC0-301F-11D3-BF4B-00C04F79EFBC}") = "my-books", "my-books\my-books.csproj", "{BADABCEA-EBD3-41CB-88C7-4671AA956AD8}"
EndProject
Global
	GlobalSection(SolutionConfigurationPlatforms) = preSolution
		Debug|Any CPU = Debug|Any CPU
		Release|Any CPU = Release|Any CPU
	EndGlobalSection
	GlobalSection(ProjectConfigurationPlatforms) = postSolution
		{BADABCEA-EBD3-41CB-88C7-4671AA956AD8}.Debug|Any CPU.ActiveCfg = Debug|Any CPU
		{BADABCEA-EBD3-41CB-88C7-4671AA956AD8}.Debug|Any CPU.Build.0 = Debug|Any CPU
		{BADABCEA-EBD3-41CB-88C7-4671AA956AD8}.Release|Any CPU.ActiveCfg = Release|Any CPU
		{BADABCEA-EBD3-41CB-88C7-4671AA956AD8}.Release|Any CPU.Build.0 = Release|Any CPU
	EndGlobalSection
	GlobalSection(SolutionProperties) = preSolution
		HideSolutionNode = FALSE
	EndGlobalSection
	GlobalSection(ExtensibilityGlobals) = postSolution
		SolutionGuid = {7D80C103-56DB-42BF-83A9-2B52438B0AE8}
	EndGlobalSection
EndGlobal
